// !$*UTF8*$!
{
	archiveVersion = 1;
	classes = {
	};
	objectVersion = 50;
	objects = {

/* Begin PBXBuildFile section */
		587B96F920FDC6C600115FDC /* AppDelegate.m in Sources */ = {isa = PBXBuildFile; fileRef = 587B96F820FDC6C600115FDC /* AppDelegate.m */; };
		587B96FC20FDC6C600115FDC /* ViewController.m in Sources */ = {isa = PBXBuildFile; fileRef = 587B96FB20FDC6C600115FDC /* ViewController.m */; };
		587B96FF20FDC6C600115FDC /* Main.storyboard in Resources */ = {isa = PBXBuildFile; fileRef = 587B96FD20FDC6C600115FDC /* Main.storyboard */; };
		587B970120FDC6C900115FDC /* Assets.xcassets in Resources */ = {isa = PBXBuildFile; fileRef = 587B970020FDC6C900115FDC /* Assets.xcassets */; };
		587B970420FDC6C900115FDC /* LaunchScreen.storyboard in Resources */ = {isa = PBXBuildFile; fileRef = 587B970220FDC6C900115FDC /* LaunchScreen.storyboard */; };
		587B970720FDC6C900115FDC /* main.m in Sources */ = {isa = PBXBuildFile; fileRef = 587B970620FDC6C900115FDC /* main.m */; };
		587B971120FDC6CA00115FDC /* MVVMDemoUITests.m in Sources */ = {isa = PBXBuildFile; fileRef = 587B971020FDC6CA00115FDC /* MVVMDemoUITests.m */; };
		587B972920FDE16D00115FDC /* HSBaseViewController.m in Sources */ = {isa = PBXBuildFile; fileRef = 587B972820FDE16D00115FDC /* HSBaseViewController.m */; };
		587B972C20FDE1BB00115FDC /* HSBaseViewModel.m in Sources */ = {isa = PBXBuildFile; fileRef = 587B972B20FDE1BB00115FDC /* HSBaseViewModel.m */; };
		58C475AB2121652D00769EAE /* HSTableViewController.m in Sources */ = {isa = PBXBuildFile; fileRef = 58C475AA2121652D00769EAE /* HSTableViewController.m */; };
		58C475AE212165C800769EAE /* HSTableViewModel.m in Sources */ = {isa = PBXBuildFile; fileRef = 58C475AD212165C800769EAE /* HSTableViewModel.m */; };
		58C475B42121684800769EAE /* HSTableViewCellViewModel.m in Sources */ = {isa = PBXBuildFile; fileRef = 58C475B32121684800769EAE /* HSTableViewCellViewModel.m */; };
		58C475B7212177FC00769EAE /* HSPagingTableViewModel.m in Sources */ = {isa = PBXBuildFile; fileRef = 58C475B6212177FC00769EAE /* HSPagingTableViewModel.m */; };
		58C475BD2121976300769EAE /* HSBaseTableViewCell.m in Sources */ = {isa = PBXBuildFile; fileRef = 58C475BC2121976300769EAE /* HSBaseTableViewCell.m */; };
		58D4A3F02109C9AD0081EE61 /* HSBaseModel.m in Sources */ = {isa = PBXBuildFile; fileRef = 58D4A3EF2109C9AD0081EE61 /* HSBaseModel.m */; };
		58D4A3F42109CBBA0081EE61 /* HSHTTPHelper.m in Sources */ = {isa = PBXBuildFile; fileRef = 58D4A3F32109CBBA0081EE61 /* HSHTTPHelper.m */; };
		58F49755211485A80066C942 /* HSDemoViewController.m in Sources */ = {isa = PBXBuildFile; fileRef = 58F49754211485A80066C942 /* HSDemoViewController.m */; };
		58F497622116A2B70066C942 /* NSTimer+HSTimer.m in Sources */ = {isa = PBXBuildFile; fileRef = 58F4975E2116A2B70066C942 /* NSTimer+HSTimer.m */; };
		58F497632116A2B70066C942 /* HSTimer.m in Sources */ = {isa = PBXBuildFile; fileRef = 58F497602116A2B70066C942 /* HSTimer.m */; };
		F58137BBA05967D4D0D8B8EF /* libPods-MVVMDemo.a in Frameworks */ = {isa = PBXBuildFile; fileRef = 76FC0CDDB4545537144315E9 /* libPods-MVVMDemo.a */; };
/* End PBXBuildFile section */

/* Begin PBXContainerItemProxy section */
		587B970D20FDC6CA00115FDC /* PBXContainerItemProxy */ = {
			isa = PBXContainerItemProxy;
			containerPortal = 587B96EC20FDC6C600115FDC /* Project object */;
			proxyType = 1;
			remoteGlobalIDString = 587B96F320FDC6C600115FDC;
			remoteInfo = MVVMDemo;
		};
/* End PBXContainerItemProxy section */

/* Begin PBXFileReference section */
		01017104ABED1F6FD3A711E3 /* libPods-MVVMDemoUITests.a */ = {isa = PBXFileReference; explicitFileType = archive.ar; includeInIndex = 0; path = "libPods-MVVMDemoUITests.a"; sourceTree = BUILT_PRODUCTS_DIR; };
		587B96F420FDC6C600115FDC /* MVVMDemo.app */ = {isa = PBXFileReference; explicitFileType = wrapper.application; includeInIndex = 0; path = MVVMDemo.app; sourceTree = BUILT_PRODUCTS_DIR; };
		587B96F720FDC6C600115FDC /* AppDelegate.h */ = {isa = PBXFileReference; lastKnownFileType = sourcecode.c.h; path = AppDelegate.h; sourceTree = "<group>"; };
		587B96F820FDC6C600115FDC /* AppDelegate.m */ = {isa = PBXFileReference; lastKnownFileType = sourcecode.c.objc; path = AppDelegate.m; sourceTree = "<group>"; };
		587B96FA20FDC6C600115FDC /* ViewController.h */ = {isa = PBXFileReference; lastKnownFileType = sourcecode.c.h; path = ViewController.h; sourceTree = "<group>"; };
		587B96FB20FDC6C600115FDC /* ViewController.m */ = {isa = PBXFileReference; lastKnownFileType = sourcecode.c.objc; path = ViewController.m; sourceTree = "<group>"; };
		587B96FE20FDC6C600115FDC /* Base */ = {isa = PBXFileReference; lastKnownFileType = file.storyboard; name = Base; path = Base.lproj/Main.storyboard; sourceTree = "<group>"; };
		587B970020FDC6C900115FDC /* Assets.xcassets */ = {isa = PBXFileReference; lastKnownFileType = folder.assetcatalog; path = Assets.xcassets; sourceTree = "<group>"; };
		587B970320FDC6C900115FDC /* Base */ = {isa = PBXFileReference; lastKnownFileType = file.storyboard; name = Base; path = Base.lproj/LaunchScreen.storyboard; sourceTree = "<group>"; };
		587B970520FDC6C900115FDC /* Info.plist */ = {isa = PBXFileReference; lastKnownFileType = text.plist.xml; path = Info.plist; sourceTree = "<group>"; };
		587B970620FDC6C900115FDC /* main.m */ = {isa = PBXFileReference; lastKnownFileType = sourcecode.c.objc; path = main.m; sourceTree = "<group>"; };
		587B970C20FDC6CA00115FDC /* MVVMDemoUITests.xctest */ = {isa = PBXFileReference; explicitFileType = wrapper.cfbundle; includeInIndex = 0; path = MVVMDemoUITests.xctest; sourceTree = BUILT_PRODUCTS_DIR; };
		587B971020FDC6CA00115FDC /* MVVMDemoUITests.m */ = {isa = PBXFileReference; lastKnownFileType = sourcecode.c.objc; path = MVVMDemoUITests.m; sourceTree = "<group>"; };
		587B971220FDC6CA00115FDC /* Info.plist */ = {isa = PBXFileReference; lastKnownFileType = text.plist.xml; path = Info.plist; sourceTree = "<group>"; };
		587B971C20FDD2AB00115FDC /* PrefixHeader.pch */ = {isa = PBXFileReference; lastKnownFileType = sourcecode.c.h; path = PrefixHeader.pch; sourceTree = "<group>"; };
		587B971D20FDDCC500115FDC /* Constant.h */ = {isa = PBXFileReference; lastKnownFileType = sourcecode.c.h; path = Constant.h; sourceTree = "<group>"; };
		587B972720FDE16D00115FDC /* HSBaseViewController.h */ = {isa = PBXFileReference; lastKnownFileType = sourcecode.c.h; path = HSBaseViewController.h; sourceTree = "<group>"; };
		587B972820FDE16D00115FDC /* HSBaseViewController.m */ = {isa = PBXFileReference; lastKnownFileType = sourcecode.c.objc; path = HSBaseViewController.m; sourceTree = "<group>"; };
		587B972A20FDE1BB00115FDC /* HSBaseViewModel.h */ = {isa = PBXFileReference; lastKnownFileType = sourcecode.c.h; path = HSBaseViewModel.h; sourceTree = "<group>"; };
		587B972B20FDE1BB00115FDC /* HSBaseViewModel.m */ = {isa = PBXFileReference; lastKnownFileType = sourcecode.c.objc; path = HSBaseViewModel.m; sourceTree = "<group>"; };
		58C475A92121652D00769EAE /* HSTableViewController.h */ = {isa = PBXFileReference; lastKnownFileType = sourcecode.c.h; path = HSTableViewController.h; sourceTree = "<group>"; };
		58C475AA2121652D00769EAE /* HSTableViewController.m */ = {isa = PBXFileReference; lastKnownFileType = sourcecode.c.objc; path = HSTableViewController.m; sourceTree = "<group>"; };
		58C475AC212165C800769EAE /* HSTableViewModel.h */ = {isa = PBXFileReference; lastKnownFileType = sourcecode.c.h; path = HSTableViewModel.h; sourceTree = "<group>"; };
		58C475AD212165C800769EAE /* HSTableViewModel.m */ = {isa = PBXFileReference; lastKnownFileType = sourcecode.c.objc; path = HSTableViewModel.m; sourceTree = "<group>"; };
		58C475B22121684800769EAE /* HSTableViewCellViewModel.h */ = {isa = PBXFileReference; fileEncoding = 4; lastKnownFileType = sourcecode.c.h; path = HSTableViewCellViewModel.h; sourceTree = "<group>"; };
		58C475B32121684800769EAE /* HSTableViewCellViewModel.m */ = {isa = PBXFileReference; fileEncoding = 4; lastKnownFileType = sourcecode.c.objc; path = HSTableViewCellViewModel.m; sourceTree = "<group>"; };
		58C475B5212177FC00769EAE /* HSPagingTableViewModel.h */ = {isa = PBXFileReference; lastKnownFileType = sourcecode.c.h; path = HSPagingTableViewModel.h; sourceTree = "<group>"; };
		58C475B6212177FC00769EAE /* HSPagingTableViewModel.m */ = {isa = PBXFileReference; lastKnownFileType = sourcecode.c.objc; path = HSPagingTableViewModel.m; sourceTree = "<group>"; };
		58C475BA2121945400769EAE /* HSTableViewModelProtocol.h */ = {isa = PBXFileReference; lastKnownFileType = sourcecode.c.h; path = HSTableViewModelProtocol.h; sourceTree = "<group>"; };
		58C475BB2121976300769EAE /* HSBaseTableViewCell.h */ = {isa = PBXFileReference; lastKnownFileType = sourcecode.c.h; path = HSBaseTableViewCell.h; sourceTree = "<group>"; };
		58C475BC2121976300769EAE /* HSBaseTableViewCell.m */ = {isa = PBXFileReference; lastKnownFileType = sourcecode.c.objc; path = HSBaseTableViewCell.m; sourceTree = "<group>"; };
		58D4A3EE2109C9AD0081EE61 /* HSBaseModel.h */ = {isa = PBXFileReference; lastKnownFileType = sourcecode.c.h; path = HSBaseModel.h; sourceTree = "<group>"; };
		58D4A3EF2109C9AD0081EE61 /* HSBaseModel.m */ = {isa = PBXFileReference; lastKnownFileType = sourcecode.c.objc; path = HSBaseModel.m; sourceTree = "<group>"; };
		58D4A3F22109CBBA0081EE61 /* HSHTTPHelper.h */ = {isa = PBXFileReference; lastKnownFileType = sourcecode.c.h; path = HSHTTPHelper.h; sourceTree = "<group>"; };
		58D4A3F32109CBBA0081EE61 /* HSHTTPHelper.m */ = {isa = PBXFileReference; lastKnownFileType = sourcecode.c.objc; path = HSHTTPHelper.m; sourceTree = "<group>"; };
		58D4A3F52109CCD40081EE61 /* HSHeader.h */ = {isa = PBXFileReference; lastKnownFileType = sourcecode.c.h; path = HSHeader.h; sourceTree = "<group>"; };
		58F49753211485A80066C942 /* HSDemoViewController.h */ = {isa = PBXFileReference; lastKnownFileType = sourcecode.c.h; path = HSDemoViewController.h; sourceTree = "<group>"; };
		58F49754211485A80066C942 /* HSDemoViewController.m */ = {isa = PBXFileReference; lastKnownFileType = sourcecode.c.objc; path = HSDemoViewController.m; sourceTree = "<group>"; };
		58F4975E2116A2B70066C942 /* NSTimer+HSTimer.m */ = {isa = PBXFileReference; fileEncoding = 4; lastKnownFileType = sourcecode.c.objc; path = "NSTimer+HSTimer.m"; sourceTree = "<group>"; };
		58F4975F2116A2B70066C942 /* HSTimer.h */ = {isa = PBXFileReference; fileEncoding = 4; lastKnownFileType = sourcecode.c.h; path = HSTimer.h; sourceTree = "<group>"; };
		58F497602116A2B70066C942 /* HSTimer.m */ = {isa = PBXFileReference; fileEncoding = 4; lastKnownFileType = sourcecode.c.objc; path = HSTimer.m; sourceTree = "<group>"; };
		58F497612116A2B70066C942 /* NSTimer+HSTimer.h */ = {isa = PBXFileReference; fileEncoding = 4; lastKnownFileType = sourcecode.c.h; path = "NSTimer+HSTimer.h"; sourceTree = "<group>"; };
		76FC0CDDB4545537144315E9 /* libPods-MVVMDemo.a */ = {isa = PBXFileReference; explicitFileType = archive.ar; includeInIndex = 0; path = "libPods-MVVMDemo.a"; sourceTree = BUILT_PRODUCTS_DIR; };
		C20CE3BFBAB4CA76D2BEE73B /* Pods-MVVMDemo.release.xcconfig */ = {isa = PBXFileReference; includeInIndex = 1; lastKnownFileType = text.xcconfig; name = "Pods-MVVMDemo.release.xcconfig"; path = "Pods/Target Support Files/Pods-MVVMDemo/Pods-MVVMDemo.release.xcconfig"; sourceTree = "<group>"; };
		F2CECFB7D71F1E274ABF6C51 /* Pods-MVVMDemo.debug.xcconfig */ = {isa = PBXFileReference; includeInIndex = 1; lastKnownFileType = text.xcconfig; name = "Pods-MVVMDemo.debug.xcconfig"; path = "Pods/Target Support Files/Pods-MVVMDemo/Pods-MVVMDemo.debug.xcconfig"; sourceTree = "<group>"; };
/* End PBXFileReference section */

/* Begin PBXFrameworksBuildPhase section */
		587B96F120FDC6C600115FDC /* Frameworks */ = {
			isa = PBXFrameworksBuildPhase;
			buildActionMask = 2147483647;
			files = (
				F58137BBA05967D4D0D8B8EF /* libPods-MVVMDemo.a in Frameworks */,
			);
			runOnlyForDeploymentPostprocessing = 0;
		};
		587B970920FDC6CA00115FDC /* Frameworks */ = {
			isa = PBXFrameworksBuildPhase;
			buildActionMask = 2147483647;
			files = (
			);
			runOnlyForDeploymentPostprocessing = 0;
		};
/* End PBXFrameworksBuildPhase section */

/* Begin PBXGroup section */
		052C03FA5BA274DB6409299D /* Frameworks */ = {
			isa = PBXGroup;
			children = (
				76FC0CDDB4545537144315E9 /* libPods-MVVMDemo.a */,
				01017104ABED1F6FD3A711E3 /* libPods-MVVMDemoUITests.a */,
			);
			name = Frameworks;
			sourceTree = "<group>";
		};
		587B96EB20FDC6C600115FDC = {
			isa = PBXGroup;
			children = (
				587B96F620FDC6C600115FDC /* MVVMDemo */,
				587B970F20FDC6CA00115FDC /* MVVMDemoUITests */,
				587B96F520FDC6C600115FDC /* Products */,
				86292B1515F1716D9F4F3FB8 /* Pods */,
				052C03FA5BA274DB6409299D /* Frameworks */,
			);
			sourceTree = "<group>";
		};
		587B96F520FDC6C600115FDC /* Products */ = {
			isa = PBXGroup;
			children = (
				587B96F420FDC6C600115FDC /* MVVMDemo.app */,
				587B970C20FDC6CA00115FDC /* MVVMDemoUITests.xctest */,
			);
			name = Products;
			sourceTree = "<group>";
		};
		587B96F620FDC6C600115FDC /* MVVMDemo */ = {
			isa = PBXGroup;
			children = (
				58F4975D2116A2860066C942 /* Category */,
				58F497522114857C0066C942 /* View */,
				58D4A3F12109CBA40081EE61 /* Helper */,
				58D4A3ED2109C9330081EE61 /* Model */,
				587B971E20FDDF6800115FDC /* Base */,
				587B971B20FDD15800115FDC /* Public */,
				587B96F720FDC6C600115FDC /* AppDelegate.h */,
				587B96F820FDC6C600115FDC /* AppDelegate.m */,
				587B96FA20FDC6C600115FDC /* ViewController.h */,
				587B96FB20FDC6C600115FDC /* ViewController.m */,
				587B96FD20FDC6C600115FDC /* Main.storyboard */,
				587B970020FDC6C900115FDC /* Assets.xcassets */,
				587B970220FDC6C900115FDC /* LaunchScreen.storyboard */,
				587B970520FDC6C900115FDC /* Info.plist */,
				587B970620FDC6C900115FDC /* main.m */,
			);
			path = MVVMDemo;
			sourceTree = "<group>";
		};
		587B970F20FDC6CA00115FDC /* MVVMDemoUITests */ = {
			isa = PBXGroup;
			children = (
				587B971020FDC6CA00115FDC /* MVVMDemoUITests.m */,
				587B971220FDC6CA00115FDC /* Info.plist */,
			);
			path = MVVMDemoUITests;
			sourceTree = "<group>";
		};
		587B971B20FDD15800115FDC /* Public */ = {
			isa = PBXGroup;
			children = (
				587B971C20FDD2AB00115FDC /* PrefixHeader.pch */,
				587B971D20FDDCC500115FDC /* Constant.h */,
				58D4A3F52109CCD40081EE61 /* HSHeader.h */,
			);
			path = Public;
			sourceTree = "<group>";
		};
		587B971E20FDDF6800115FDC /* Base */ = {
			isa = PBXGroup;
			children = (
				587B972520FDE15900115FDC /* BaseVC */,
				587B972620FDE15900115FDC /* BaseViewModel */,
			);
			path = Base;
			sourceTree = "<group>";
		};
		587B972520FDE15900115FDC /* BaseVC */ = {
			isa = PBXGroup;
			children = (
				587B972720FDE16D00115FDC /* HSBaseViewController.h */,
				587B972820FDE16D00115FDC /* HSBaseViewController.m */,
				58C475A92121652D00769EAE /* HSTableViewController.h */,
				58C475AA2121652D00769EAE /* HSTableViewController.m */,
				58C475BB2121976300769EAE /* HSBaseTableViewCell.h */,
				58C475BC2121976300769EAE /* HSBaseTableViewCell.m */,
			);
			path = BaseVC;
			sourceTree = "<group>";
		};
		587B972620FDE15900115FDC /* BaseViewModel */ = {
			isa = PBXGroup;
			children = (
				587B972A20FDE1BB00115FDC /* HSBaseViewModel.h */,
				587B972B20FDE1BB00115FDC /* HSBaseViewModel.m */,
				58C475AC212165C800769EAE /* HSTableViewModel.h */,
				58C475AD212165C800769EAE /* HSTableViewModel.m */,
				58C475B5212177FC00769EAE /* HSPagingTableViewModel.h */,
				58C475B6212177FC00769EAE /* HSPagingTableViewModel.m */,
				58C475B22121684800769EAE /* HSTableViewCellViewModel.h */,
				58C475B32121684800769EAE /* HSTableViewCellViewModel.m */,
				58C475BA2121945400769EAE /* HSTableViewModelProtocol.h */,
			);
			path = BaseViewModel;
			sourceTree = "<group>";
		};
		58D4A3ED2109C9330081EE61 /* Model */ = {
			isa = PBXGroup;
			children = (
				58D4A3EE2109C9AD0081EE61 /* HSBaseModel.h */,
				58D4A3EF2109C9AD0081EE61 /* HSBaseModel.m */,
			);
			path = Model;
			sourceTree = "<group>";
		};
		58D4A3F12109CBA40081EE61 /* Helper */ = {
			isa = PBXGroup;
			children = (
				58D4A3F22109CBBA0081EE61 /* HSHTTPHelper.h */,
				58D4A3F32109CBBA0081EE61 /* HSHTTPHelper.m */,
			);
			path = Helper;
			sourceTree = "<group>";
		};
		58F497522114857C0066C942 /* View */ = {
			isa = PBXGroup;
			children = (
				58F49753211485A80066C942 /* HSDemoViewController.h */,
				58F49754211485A80066C942 /* HSDemoViewController.m */,
			);
			path = View;
			sourceTree = "<group>";
		};
		58F4975D2116A2860066C942 /* Category */ = {
			isa = PBXGroup;
			children = (
				58F4975F2116A2B70066C942 /* HSTimer.h */,
				58F497602116A2B70066C942 /* HSTimer.m */,
				58F497612116A2B70066C942 /* NSTimer+HSTimer.h */,
				58F4975E2116A2B70066C942 /* NSTimer+HSTimer.m */,
			);
			path = Category;
			sourceTree = "<group>";
		};
		86292B1515F1716D9F4F3FB8 /* Pods */ = {
			isa = PBXGroup;
			children = (
				F2CECFB7D71F1E274ABF6C51 /* Pods-MVVMDemo.debug.xcconfig */,
				C20CE3BFBAB4CA76D2BEE73B /* Pods-MVVMDemo.release.xcconfig */,
			);
			name = Pods;
			sourceTree = "<group>";
		};
/* End PBXGroup section */

/* Begin PBXNativeTarget section */
		587B96F320FDC6C600115FDC /* MVVMDemo */ = {
			isa = PBXNativeTarget;
			buildConfigurationList = 587B971520FDC6CA00115FDC /* Build configuration list for PBXNativeTarget "MVVMDemo" */;
			buildPhases = (
				DD2C6F94DFBE5CC61B830B8B /* [CP] Check Pods Manifest.lock */,
				587B96F020FDC6C600115FDC /* Sources */,
				587B96F120FDC6C600115FDC /* Frameworks */,
				587B96F220FDC6C600115FDC /* Resources */,
				9D7D510C4BD86904C8BD686B /* [CP] Embed Pods Frameworks */,
				98A796FDA2DDEBEAD31071E3 /* [CP] Copy Pods Resources */,
			);
			buildRules = (
			);
			dependencies = (
			);
			name = MVVMDemo;
			productName = MVVMDemo;
			productReference = 587B96F420FDC6C600115FDC /* MVVMDemo.app */;
			productType = "com.apple.product-type.application";
		};
		587B970B20FDC6CA00115FDC /* MVVMDemoUITests */ = {
			isa = PBXNativeTarget;
			buildConfigurationList = 587B971820FDC6CA00115FDC /* Build configuration list for PBXNativeTarget "MVVMDemoUITests" */;
			buildPhases = (
				587B970820FDC6CA00115FDC /* Sources */,
				587B970920FDC6CA00115FDC /* Frameworks */,
				587B970A20FDC6CA00115FDC /* Resources */,
			);
			buildRules = (
			);
			dependencies = (
				587B970E20FDC6CA00115FDC /* PBXTargetDependency */,
			);
			name = MVVMDemoUITests;
			productName = MVVMDemoUITests;
			productReference = 587B970C20FDC6CA00115FDC /* MVVMDemoUITests.xctest */;
			productType = "com.apple.product-type.bundle.ui-testing";
		};
/* End PBXNativeTarget section */

/* Begin PBXProject section */
		587B96EC20FDC6C600115FDC /* Project object */ = {
			isa = PBXProject;
			attributes = {
				LastUpgradeCheck = 0940;
				ORGANIZATIONNAME = Mr.H;
				TargetAttributes = {
					587B96F320FDC6C600115FDC = {
						CreatedOnToolsVersion = 9.4.1;
					};
					587B970B20FDC6CA00115FDC = {
						CreatedOnToolsVersion = 9.4.1;
						TestTargetID = 587B96F320FDC6C600115FDC;
					};
				};
			};
			buildConfigurationList = 587B96EF20FDC6C600115FDC /* Build configuration list for PBXProject "MVVMDemo" */;
			compatibilityVersion = "Xcode 9.3";
			developmentRegion = en;
			hasScannedForEncodings = 0;
			knownRegions = (
				en,
				Base,
			);
			mainGroup = 587B96EB20FDC6C600115FDC;
			productRefGroup = 587B96F520FDC6C600115FDC /* Products */;
			projectDirPath = "";
			projectRoot = "";
			targets = (
				587B96F320FDC6C600115FDC /* MVVMDemo */,
				587B970B20FDC6CA00115FDC /* MVVMDemoUITests */,
			);
		};
/* End PBXProject section */

/* Begin PBXResourcesBuildPhase section */
		587B96F220FDC6C600115FDC /* Resources */ = {
			isa = PBXResourcesBuildPhase;
			buildActionMask = 2147483647;
			files = (
				587B970420FDC6C900115FDC /* LaunchScreen.storyboard in Resources */,
				587B970120FDC6C900115FDC /* Assets.xcassets in Resources */,
				587B96FF20FDC6C600115FDC /* Main.storyboard in Resources */,
			);
			runOnlyForDeploymentPostprocessing = 0;
		};
		587B970A20FDC6CA00115FDC /* Resources */ = {
			isa = PBXResourcesBuildPhase;
			buildActionMask = 2147483647;
			files = (
			);
			runOnlyForDeploymentPostprocessing = 0;
		};
/* End PBXResourcesBuildPhase section */

/* Begin PBXShellScriptBuildPhase section */
		98A796FDA2DDEBEAD31071E3 /* [CP] Copy Pods Resources */ = {
			isa = PBXShellScriptBuildPhase;
			buildActionMask = 2147483647;
			files = (
			);
			inputPaths = (
				"${SRCROOT}/Pods/Target Support Files/Pods-MVVMDemo/Pods-MVVMDemo-resources.sh",
				"${PODS_ROOT}/MJRefresh/MJRefresh/MJRefresh.bundle",
			);
			name = "[CP] Copy Pods Resources";
			outputPaths = (
				"${TARGET_BUILD_DIR}/${UNLOCALIZED_RESOURCES_FOLDER_PATH}/MJRefresh.bundle",
			);
			runOnlyForDeploymentPostprocessing = 0;
			shellPath = /bin/sh;
			shellScript = "\"${SRCROOT}/Pods/Target Support Files/Pods-MVVMDemo/Pods-MVVMDemo-resources.sh\"\n";
			showEnvVarsInLog = 0;
		};
		9D7D510C4BD86904C8BD686B /* [CP] Embed Pods Frameworks */ = {
			isa = PBXShellScriptBuildPhase;
			buildActionMask = 2147483647;
			files = (
			);
			inputPaths = (
			);
			name = "[CP] Embed Pods Frameworks";
			outputPaths = (
			);
			runOnlyForDeploymentPostprocessing = 0;
			shellPath = /bin/sh;
			shellScript = "\"${SRCROOT}/Pods/Target Support Files/Pods-MVVMDemo/Pods-MVVMDemo-frameworks.sh\"\n";
			showEnvVarsInLog = 0;
		};
		DD2C6F94DFBE5CC61B830B8B /* [CP] Check Pods Manifest.lock */ = {
			isa = PBXShellScriptBuildPhase;
			buildActionMask = 2147483647;
			files = (
			);
			inputPaths = (
				"${PODS_PODFILE_DIR_PATH}/Podfile.lock",
				"${PODS_ROOT}/Manifest.lock",
			);
			name = "[CP] Check Pods Manifest.lock";
			outputPaths = (
				"$(DERIVED_FILE_DIR)/Pods-MVVMDemo-checkManifestLockResult.txt",
			);
			runOnlyForDeploymentPostprocessing = 0;
			shellPath = /bin/sh;
			shellScript = "diff \"${PODS_PODFILE_DIR_PATH}/Podfile.lock\" \"${PODS_ROOT}/Manifest.lock\" > /dev/null\nif [ $? != 0 ] ; then\n    # print error to STDERR\n    echo \"error: The sandbox is not in sync with the Podfile.lock. Run 'pod install' or update your CocoaPods installation.\" >&2\n    exit 1\nfi\n# This output is used by Xcode 'outputs' to avoid re-running this script phase.\necho \"SUCCESS\" > \"${SCRIPT_OUTPUT_FILE_0}\"\n";
			showEnvVarsInLog = 0;
		};
/* End PBXShellScriptBuildPhase section */

/* Begin PBXSourcesBuildPhase section */
		587B96F020FDC6C600115FDC /* Sources */ = {
			isa = PBXSourcesBuildPhase;
			buildActionMask = 2147483647;
			files = (
				58C475B7212177FC00769EAE /* HSPagingTableViewModel.m in Sources */,
				58F49755211485A80066C942 /* HSDemoViewController.m in Sources */,
				587B96FC20FDC6C600115FDC /* ViewController.m in Sources */,
				58C475BD2121976300769EAE /* HSBaseTableViewCell.m in Sources */,
				58C475B42121684800769EAE /* HSTableViewCellViewModel.m in Sources */,
				58C475AB2121652D00769EAE /* HSTableViewController.m in Sources */,
				58F497632116A2B70066C942 /* HSTimer.m in Sources */,
				58D4A3F02109C9AD0081EE61 /* HSBaseModel.m in Sources */,
				587B970720FDC6C900115FDC /* main.m in Sources */,
				587B972C20FDE1BB00115FDC /* HSBaseViewModel.m in Sources */,
				587B972920FDE16D00115FDC /* HSBaseViewController.m in Sources */,
				58C475AE212165C800769EAE /* HSTableViewModel.m in Sources */,
				58D4A3F42109CBBA0081EE61 /* HSHTTPHelper.m in Sources */,
				587B96F920FDC6C600115FDC /* AppDelegate.m in Sources */,
				58F497622116A2B70066C942 /* NSTimer+HSTimer.m in Sources */,
			);
			runOnlyForDeploymentPostprocessing = 0;
		};
		587B970820FDC6CA00115FDC /* Sources */ = {
			isa = PBXSourcesBuildPhase;
			buildActionMask = 2147483647;
			files = (
				587B971120FDC6CA00115FDC /* MVVMDemoUITests.m in Sources */,
			);
			runOnlyForDeploymentPostprocessing = 0;
		};
/* End PBXSourcesBuildPhase section */

/* Begin PBXTargetDependency section */
		587B970E20FDC6CA00115FDC /* PBXTargetDependency */ = {
			isa = PBXTargetDependency;
			target = 587B96F320FDC6C600115FDC /* MVVMDemo */;
			targetProxy = 587B970D20FDC6CA00115FDC /* PBXContainerItemProxy */;
		};
/* End PBXTargetDependency section */

/* Begin PBXVariantGroup section */
		587B96FD20FDC6C600115FDC /* Main.storyboard */ = {
			isa = PBXVariantGroup;
			children = (
				587B96FE20FDC6C600115FDC /* Base */,
			);
			name = Main.storyboard;
			sourceTree = "<group>";
		};
		587B970220FDC6C900115FDC /* LaunchScreen.storyboard */ = {
			isa = PBXVariantGroup;
			children = (
				587B970320FDC6C900115FDC /* Base */,
			);
			name = LaunchScreen.storyboard;
			sourceTree = "<group>";
		};
/* End PBXVariantGroup section */

/* Begin XCBuildConfiguration section */
		587B971320FDC6CA00115FDC /* Debug */ = {
			isa = XCBuildConfiguration;
			buildSettings = {
				ALWAYS_SEARCH_USER_PATHS = NO;
				CLANG_ANALYZER_NONNULL = YES;
				CLANG_ANALYZER_NUMBER_OBJECT_CONVERSION = YES_AGGRESSIVE;
				CLANG_CXX_LANGUAGE_STANDARD = "gnu++14";
				CLANG_CXX_LIBRARY = "libc++";
				CLANG_ENABLE_MODULES = YES;
				CLANG_ENABLE_OBJC_ARC = YES;
				CLANG_ENABLE_OBJC_WEAK = YES;
				CLANG_WARN_BLOCK_CAPTURE_AUTORELEASING = YES;
				CLANG_WARN_BOOL_CONVERSION = YES;
				CLANG_WARN_COMMA = YES;
				CLANG_WARN_CONSTANT_CONVERSION = YES;
				CLANG_WARN_DEPRECATED_OBJC_IMPLEMENTATIONS = YES;
				CLANG_WARN_DIRECT_OBJC_ISA_USAGE = YES_ERROR;
				CLANG_WARN_DOCUMENTATION_COMMENTS = YES;
				CLANG_WARN_EMPTY_BODY = YES;
				CLANG_WARN_ENUM_CONVERSION = YES;
				CLANG_WARN_INFINITE_RECURSION = YES;
				CLANG_WARN_INT_CONVERSION = YES;
				CLANG_WARN_NON_LITERAL_NULL_CONVERSION = YES;
				CLANG_WARN_OBJC_IMPLICIT_RETAIN_SELF = YES;
				CLANG_WARN_OBJC_LITERAL_CONVERSION = YES;
				CLANG_WARN_OBJC_ROOT_CLASS = YES_ERROR;
				CLANG_WARN_RANGE_LOOP_ANALYSIS = YES;
				CLANG_WARN_STRICT_PROTOTYPES = YES;
				CLANG_WARN_SUSPICIOUS_MOVE = YES;
				CLANG_WARN_UNGUARDED_AVAILABILITY = YES_AGGRESSIVE;
				CLANG_WARN_UNREACHABLE_CODE = YES;
				CLANG_WARN__DUPLICATE_METHOD_MATCH = YES;
				CODE_SIGN_IDENTITY = "iPhone Developer";
				COPY_PHASE_STRIP = NO;
				DEBUG_INFORMATION_FORMAT = dwarf;
				ENABLE_STRICT_OBJC_MSGSEND = YES;
				ENABLE_TESTABILITY = YES;
				GCC_C_LANGUAGE_STANDARD = gnu11;
				GCC_DYNAMIC_NO_PIC = NO;
				GCC_NO_COMMON_BLOCKS = YES;
				GCC_OPTIMIZATION_LEVEL = 0;
				GCC_PREPROCESSOR_DEFINITIONS = (
					"DEBUG=1",
					"$(inherited)",
				);
				GCC_WARN_64_TO_32_BIT_CONVERSION = YES;
				GCC_WARN_ABOUT_RETURN_TYPE = YES_ERROR;
				GCC_WARN_UNDECLARED_SELECTOR = YES;
				GCC_WARN_UNINITIALIZED_AUTOS = YES_AGGRESSIVE;
				GCC_WARN_UNUSED_FUNCTION = YES;
				GCC_WARN_UNUSED_VARIABLE = YES;
				IPHONEOS_DEPLOYMENT_TARGET = 11.4;
				MTL_ENABLE_DEBUG_INFO = YES;
				ONLY_ACTIVE_ARCH = YES;
				SDKROOT = iphoneos;
			};
			name = Debug;
		};
		587B971420FDC6CA00115FDC /* Release */ = {
			isa = XCBuildConfiguration;
			buildSettings = {
				ALWAYS_SEARCH_USER_PATHS = NO;
				CLANG_ANALYZER_NONNULL = YES;
				CLANG_ANALYZER_NUMBER_OBJECT_CONVERSION = YES_AGGRESSIVE;
				CLANG_CXX_LANGUAGE_STANDARD = "gnu++14";
				CLANG_CXX_LIBRARY = "libc++";
				CLANG_ENABLE_MODULES = YES;
				CLANG_ENABLE_OBJC_ARC = YES;
				CLANG_ENABLE_OBJC_WEAK = YES;
				CLANG_WARN_BLOCK_CAPTURE_AUTORELEASING = YES;
				CLANG_WARN_BOOL_CONVERSION = YES;
				CLANG_WARN_COMMA = YES;
				CLANG_WARN_CONSTANT_CONVERSION = YES;
				CLANG_WARN_DEPRECATED_OBJC_IMPLEMENTATIONS = YES;
				CLANG_WARN_DIRECT_OBJC_ISA_USAGE = YES_ERROR;
				CLANG_WARN_DOCUMENTATION_COMMENTS = YES;
				CLANG_WARN_EMPTY_BODY = YES;
				CLANG_WARN_ENUM_CONVERSION = YES;
				CLANG_WARN_INFINITE_RECURSION = YES;
				CLANG_WARN_INT_CONVERSION = YES;
				CLANG_WARN_NON_LITERAL_NULL_CONVERSION = YES;
				CLANG_WARN_OBJC_IMPLICIT_RETAIN_SELF = YES;
				CLANG_WARN_OBJC_LITERAL_CONVERSION = YES;
				CLANG_WARN_OBJC_ROOT_CLASS = YES_ERROR;
				CLANG_WARN_RANGE_LOOP_ANALYSIS = YES;
				CLANG_WARN_STRICT_PROTOTYPES = YES;
				CLANG_WARN_SUSPICIOUS_MOVE = YES;
				CLANG_WARN_UNGUARDED_AVAILABILITY = YES_AGGRESSIVE;
				CLANG_WARN_UNREACHABLE_CODE = YES;
				CLANG_WARN__DUPLICATE_METHOD_MATCH = YES;
				CODE_SIGN_IDENTITY = "iPhone Developer";
				COPY_PHASE_STRIP = NO;
				DEBUG_INFORMATION_FORMAT = "dwarf-with-dsym";
				ENABLE_NS_ASSERTIONS = NO;
				ENABLE_STRICT_OBJC_MSGSEND = YES;
				GCC_C_LANGUAGE_STANDARD = gnu11;
				GCC_NO_COMMON_BLOCKS = YES;
				GCC_WARN_64_TO_32_BIT_CONVERSION = YES;
				GCC_WARN_ABOUT_RETURN_TYPE = YES_ERROR;
				GCC_WARN_UNDECLARED_SELECTOR = YES;
				GCC_WARN_UNINITIALIZED_AUTOS = YES_AGGRESSIVE;
				GCC_WARN_UNUSED_FUNCTION = YES;
				GCC_WARN_UNUSED_VARIABLE = YES;
				IPHONEOS_DEPLOYMENT_TARGET = 11.4;
				MTL_ENABLE_DEBUG_INFO = NO;
				SDKROOT = iphoneos;
				VALIDATE_PRODUCT = YES;
			};
			name = Release;
		};
		587B971620FDC6CA00115FDC /* Debug */ = {
			isa = XCBuildConfiguration;
			baseConfigurationReference = F2CECFB7D71F1E274ABF6C51 /* Pods-MVVMDemo.debug.xcconfig */;
			buildSettings = {
				ASSETCATALOG_COMPILER_APPICON_NAME = AppIcon;
				CLANG_WARN_OBJC_IMPLICIT_RETAIN_SELF = YES;
				CODE_SIGN_STYLE = Automatic;
				GCC_PREFIX_HEADER = "$(SRCROOT)/MVVMDemo/Public/PrefixHeader.pch";
				INFOPLIST_FILE = MVVMDemo/Info.plist;
				LD_RUNPATH_SEARCH_PATHS = (
					"$(inherited)",
					"@executable_path/Frameworks",
				);
				PRODUCT_BUNDLE_IDENTIFIER = Hanser.MVVMDemo;
				PRODUCT_NAME = "$(TARGET_NAME)";
				TARGETED_DEVICE_FAMILY = "1,2";
			};
			name = Debug;
		};
		587B971720FDC6CA00115FDC /* Release */ = {
			isa = XCBuildConfiguration;
			baseConfigurationReference = C20CE3BFBAB4CA76D2BEE73B /* Pods-MVVMDemo.release.xcconfig */;
			buildSettings = {
				ASSETCATALOG_COMPILER_APPICON_NAME = AppIcon;
				CLANG_WARN_OBJC_IMPLICIT_RETAIN_SELF = YES;
				CODE_SIGN_STYLE = Automatic;
				GCC_PREFIX_HEADER = "$(SRCROOT)/MVVMDemo/Public/PrefixHeader.pch";
				INFOPLIST_FILE = MVVMDemo/Info.plist;
				LD_RUNPATH_SEARCH_PATHS = (
					"$(inherited)",
					"@executable_path/Frameworks",
				);
				PRODUCT_BUNDLE_IDENTIFIER = Hanser.MVVMDemo;
				PRODUCT_NAME = "$(TARGET_NAME)";
				TARGETED_DEVICE_FAMILY = "1,2";
			};
			name = Release;
		};
		587B971920FDC6CA00115FDC /* Debug */ = {
			isa = XCBuildConfiguration;
			buildSettings = {
				CODE_SIGN_STYLE = Automatic;
				INFOPLIST_FILE = MVVMDemoUITests/Info.plist;
				LD_RUNPATH_SEARCH_PATHS = (
					"$(inherited)",
					"@executable_path/Frameworks",
					"@loader_path/Frameworks",
				);
				PRODUCT_BUNDLE_IDENTIFIER = Hanser.MVVMDemoUITests;
				PRODUCT_NAME = "$(TARGET_NAME)";
				TARGETED_DEVICE_FAMILY = "1,2";
				TEST_TARGET_NAME = MVVMDemo;
			};
			name = Debug;
		};
		587B971A20FDC6CA00115FDC /* Release */ = {
			isa = XCBuildConfiguration;
			buildSettings = {
				CODE_SIGN_STYLE = Automatic;
				INFOPLIST_FILE = MVVMDemoUITests/Info.plist;
				LD_RUNPATH_SEARCH_PATHS = (
					"$(inherited)",
					"@executable_path/Frameworks",
					"@loader_path/Frameworks",
				);
				PRODUCT_BUNDLE_IDENTIFIER = Hanser.MVVMDemoUITests;
				PRODUCT_NAME = "$(TARGET_NAME)";
				TARGETED_DEVICE_FAMILY = "1,2";
				TEST_TARGET_NAME = MVVMDemo;
			};
			name = Release;
		};
/* End XCBuildConfiguration section */

/* Begin XCConfigurationList section */
		587B96EF20FDC6C600115FDC /* Build configuration list for PBXProject "MVVMDemo" */ = {
			isa = XCConfigurationList;
			buildConfigurations = (
				587B971320FDC6CA00115FDC /* Debug */,
				587B971420FDC6CA00115FDC /* Release */,
			);
			defaultConfigurationIsVisible = 0;
			defaultConfigurationName = Release;
		};
		587B971520FDC6CA00115FDC /* Build configuration list for PBXNativeTarget "MVVMDemo" */ = {
			isa = XCConfigurationList;
			buildConfigurations = (
				587B971620FDC6CA00115FDC /* Debug */,
				587B971720FDC6CA00115FDC /* Release */,
			);
			defaultConfigurationIsVisible = 0;
			defaultConfigurationName = Release;
		};
		587B971820FDC6CA00115FDC /* Build configuration list for PBXNativeTarget "MVVMDemoUITests" */ = {
			isa = XCConfigurationList;
			buildConfigurations = (
				587B971920FDC6CA00115FDC /* Debug */,
				587B971A20FDC6CA00115FDC /* Release */,
			);
			defaultConfigurationIsVisible = 0;
			defaultConfigurationName = Release;
		};
/* End XCConfigurationList section */
	};
	rootObject = 587B96EC20FDC6C600115FDC /* Project object */;
}
